[[package]]
name = "maturin"
version = "0.12.9"
description = "Build and publish crates with pyo3, rust-cpython and cffi bindings as well as rust binaries as python packages"
category = "main"
optional = false
python-versions = ">=3.6"

[package.dependencies]
toml = ">=0.10.2,<0.11.0"

[package.extras]
zig = ["ziglang (>=0.9.0,<0.10.0)"]
patchelf = ["patchelf"]

[package.source]
type = "legacy"
url = "https://mirrors.aliyun.com/pypi/simple"
reference = "aliyun"

[[package]]
name = "numpy"
version = "1.22.2"
description = "NumPy is the fundamental package for array computing with Python."
category = "main"
optional = false
python-versions = ">=3.8"

[package.source]
type = "legacy"
url = "https://mirrors.aliyun.com/pypi/simple"
reference = "aliyun"

[[package]]
name = "toml"
version = "0.10.2"
description = "Python Library for Tom's Obvious, Minimal Language"
category = "main"
optional = false
python-versions = ">=2.6, !=3.0.*, !=3.1.*, !=3.2.*"

[package.source]
type = "legacy"
url = "https://mirrors.aliyun.com/pypi/simple"
reference = "aliyun"

[metadata]
lock-version = "1.1"
python-versions = "^3.8"
content-hash = "705c8626829d8b012dc38970caf2844536fc51f96f719fed41079ddbc2aa5753"

[metadata.files]
maturin = [
    {file = "maturin-0.12.9-py3-none-macosx_10_7_x86_64.whl", hash = "sha256:798d7616f8a546cd26d81bafd24c8b6eccfca3dda362ffb2f8d0b4495a09d1b7"},
    {file = "maturin-0.12.9-py3-none-macosx_10_9_x86_64.macosx_11_0_arm64.macosx_10_9_universal2.whl", hash = "sha256:d5d68ec1019fd4bb4d04486b8db1c9dbee1ac7cfcd070e78f09c62f24632a280"},
    {file = "maturin-0.12.9-py3-none-manylinux_2_12_i686.manylinux2010_i686.whl", hash = "sha256:2f4608f3d1375c840ddb24be3ce964a792a1333fcdabc3a0d071725635ebe025"},
    {file = "maturin-0.12.9-py3-none-manylinux_2_17_aarch64.manylinux2014_aarch64.whl", hash = "sha256:e9859385b538d515e3b16822564589a97810d6fb5aa4a987dba819d92de69a83"},
    {file = "maturin-0.12.9-py3-none-manylinux_2_17_armv7l.manylinux2014_armv7l.whl", hash = "sha256:386496c6b9af7c93ef704c1a8816a83ae2051e514c654b837975e44284595b36"},
    {file = "maturin-0.12.9-py3-none-manylinux_2_17_ppc64le.manylinux2014_ppc64le.whl", hash = "sha256:3db0e2c46febc0562d4d0780a80847213ca45ce3d19c26863245239ac16cbdcc"},
    {file = "maturin-0.12.9-py3-none-manylinux_2_17_s390x.manylinux2014_s390x.whl", hash = "sha256:ff5022c595348d2a2234838484a607feb10396d468edf1fdb34f4a1d993b316d"},
    {file = "maturin-0.12.9-py3-none-manylinux_2_5_x86_64.manylinux1_x86_64.whl", hash = "sha256:4d498f2d34a7061db4ae4595d793c4e3b8fba41e3686b0bb3b0922c777911194"},
    {file = "maturin-0.12.9-py3-none-musllinux_1_1_aarch64.whl", hash = "sha256:a2cea72cd1aa1c419d49a2546d162460a2731b7f72ff3ad60068463ea86dfec3"},
    {file = "maturin-0.12.9-py3-none-musllinux_1_1_armv7l.whl", hash = "sha256:de0fb98d67101a19fe4729961d4c095db72b2e2d726089636d538fb989930756"},
    {file = "maturin-0.12.9-py3-none-musllinux_1_1_i686.whl", hash = "sha256:5563045203c9e856788c457fada635edbee35950255b507631ed6f11484e9eb0"},
    {file = "maturin-0.12.9-py3-none-musllinux_1_1_ppc64le.whl", hash = "sha256:7c94e9af18e8252412427a28ecbe6aa1fab07cc9719ac633c955254ba4984052"},
    {file = "maturin-0.12.9-py3-none-musllinux_1_1_x86_64.whl", hash = "sha256:3cf28c95c1226544c3e097614b9c5f60386ba34da66f6df5fb93a1e25e210948"},
    {file = "maturin-0.12.9-py3-none-win32.whl", hash = "sha256:469e19c7963514628d34e27e39899cbc0cdff0255d13820fdc82033634313778"},
    {file = "maturin-0.12.9-py3-none-win_amd64.whl", hash = "sha256:a393ce084f10dad9496a6f63e802a7672e333e29dde10fb9415e52cf9af7967d"},
    {file = "maturin-0.12.9-py3-none-win_arm64.whl", hash = "sha256:338ca1873bb383cd701299cf1c6adc418fed4b9c024a427b9ca20a9f234cf243"},
    {file = "maturin-0.12.9.tar.gz", hash = "sha256:56e7a6a5c313c71c67fe6a4c12f85e6a16af76d1732c49ee2706166eff17a494"},
]
numpy = [
    {file = "numpy-1.22.2-cp310-cp310-macosx_10_14_x86_64.whl", hash = "sha256:515a8b6edbb904594685da6e176ac9fbea8f73a5ebae947281de6613e27f1956"},
    {file = "numpy-1.22.2-cp310-cp310-macosx_11_0_arm64.whl", hash = "sha256:76a4f9bce0278becc2da7da3b8ef854bed41a991f4226911a24a9711baad672c"},
    {file = "numpy-1.22.2-cp310-cp310-manylinux_2_17_aarch64.manylinux2014_aarch64.whl", hash = "sha256:168259b1b184aa83a514f307352c25c56af111c269ffc109d9704e81f72e764b"},
    {file = "numpy-1.22.2-cp310-cp310-manylinux_2_17_x86_64.manylinux2014_x86_64.whl", hash = "sha256:3556c5550de40027d3121ebbb170f61bbe19eb639c7ad0c7b482cd9b560cd23b"},
    {file = "numpy-1.22.2-cp310-cp310-win_amd64.whl", hash = "sha256:aafa46b5a39a27aca566198d3312fb3bde95ce9677085efd02c86f7ef6be4ec7"},
    {file = "numpy-1.22.2-cp38-cp38-macosx_10_14_x86_64.whl", hash = "sha256:55535c7c2f61e2b2fc817c5cbe1af7cb907c7f011e46ae0a52caa4be1f19afe2"},
    {file = "numpy-1.22.2-cp38-cp38-macosx_11_0_arm64.whl", hash = "sha256:60cb8e5933193a3cc2912ee29ca331e9c15b2da034f76159b7abc520b3d1233a"},
    {file = "numpy-1.22.2-cp38-cp38-manylinux_2_17_aarch64.manylinux2014_aarch64.whl", hash = "sha256:0b536b6840e84c1c6a410f3a5aa727821e6108f3454d81a5cd5900999ef04f89"},
    {file = "numpy-1.22.2-cp38-cp38-manylinux_2_17_x86_64.manylinux2014_x86_64.whl", hash = "sha256:2638389562bda1635b564490d76713695ff497242a83d9b684d27bb4a6cc9d7a"},
    {file = "numpy-1.22.2-cp38-cp38-win32.whl", hash = "sha256:6767ad399e9327bfdbaa40871be4254d1995f4a3ca3806127f10cec778bd9896"},
    {file = "numpy-1.22.2-cp38-cp38-win_amd64.whl", hash = "sha256:03ae5850619abb34a879d5f2d4bb4dcd025d6d8fb72f5e461dae84edccfe129f"},
    {file = "numpy-1.22.2-cp39-cp39-macosx_10_14_x86_64.whl", hash = "sha256:d76a26c5118c4d96e264acc9e3242d72e1a2b92e739807b3b69d8d47684b6677"},
    {file = "numpy-1.22.2-cp39-cp39-macosx_11_0_arm64.whl", hash = "sha256:15efb7b93806d438e3bc590ca8ef2f953b0ce4f86f337ef4559d31ec6cf9d7dd"},
    {file = "numpy-1.22.2-cp39-cp39-manylinux_2_17_aarch64.manylinux2014_aarch64.whl", hash = "sha256:badca914580eb46385e7f7e4e426fea6de0a37b9e06bec252e481ae7ec287082"},
    {file = "numpy-1.22.2-cp39-cp39-manylinux_2_17_x86_64.manylinux2014_x86_64.whl", hash = "sha256:94dd11d9f13ea1be17bac39c1942f527cbf7065f94953cf62dfe805653da2f8f"},
    {file = "numpy-1.22.2-cp39-cp39-win32.whl", hash = "sha256:8cf33634b60c9cef346663a222d9841d3bbbc0a2f00221d6bcfd0d993d5543f6"},
    {file = "numpy-1.22.2-cp39-cp39-win_amd64.whl", hash = "sha256:59153979d60f5bfe9e4c00e401e24dfe0469ef8da6d68247439d3278f30a180f"},
    {file = "numpy-1.22.2-pp38-pypy38_pp73-manylinux_2_17_x86_64.manylinux2014_x86_64.whl", hash = "sha256:4a176959b6e7e00b5a0d6f549a479f869829bfd8150282c590deee6d099bbb6e"},
    {file = "numpy-1.22.2.zip", hash = "sha256:076aee5a3763d41da6bef9565fdf3cb987606f567cd8b104aded2b38b7b47abf"},
]
toml = [
    {file = "toml-0.10.2-py2.py3-none-any.whl", hash = "sha256:806143ae5bfb6a3c6e736a764057db0e6a0e05e338b5630894a5f779cabb4f9b"},
    {file = "toml-0.10.2.tar.gz", hash = "sha256:b3bda1d108d5dd99f4a20d24d9c348e91c4db7ab1b749200bded2f839ccbe68f"},
]
